
Microsoft Visual Studio Solution File, Format Version 12.00
# Visual Studio Version 16
VisualStudioVersion = 16.0.29728.190
MinimumVisualStudioVersion = 10.0.40219.1
Project("{FAE04EC0-301F-11D3-BF4B-00C04F79EFBC}") = "FluentBus.IntegrationTests", "FluentBus.IntegrationTests\FluentBus.IntegrationTests.csproj", "{D7921824-0194-42AD-ADA7-CC56AE015AF7}"
EndProject
Global
	GlobalSection(SolutionConfigurationPlatforms) = preSolution
		Debug|Any CPU = Debug|Any CPU
		Release|Any CPU = Release|Any CPU
	EndGlobalSection
	GlobalSection(ProjectConfigurationPlatforms) = postSolution
		{D7921824-0194-42AD-ADA7-CC56AE015AF7}.Debug|Any CPU.ActiveCfg = Debug|Any CPU
		{D7921824-0194-42AD-ADA7-CC56AE015AF7}.Debug|Any CPU.Build.0 = Debug|Any CPU
		{D7921824-0194-42AD-ADA7-CC56AE015AF7}.Release|Any CPU.ActiveCfg = Release|Any CPU
		{D7921824-0194-42AD-ADA7-CC56AE015AF7}.Release|Any CPU.Build.0 = Release|Any CPU
	EndGlobalSection
	GlobalSection(SolutionProperties) = preSolution
		HideSolutionNode = FALSE
	EndGlobalSection
	GlobalSection(ExtensibilityGlobals) = postSolution
		SolutionGuid = {07B38CB8-0C1F-4B2A-9693-E69D17029494}
	EndGlobalSection
EndGlobal
